
Microsoft Visual Studio Solution File, Format Version 12.00
# Visual Studio Version 17
VisualStudioVersion = 17.5.002.0
MinimumVisualStudioVersion = 10.0.40219.1
Project("{9A19103F-16F7-4668-BE54-9A1E7A4F7556}") = "MessagingWithKafka", "MessagingWithKafka.csproj", "{DB167FC8-BAD4-40B2-B00C-E7ED48768BC5}"
EndProject
Global
	GlobalSection(SolutionConfigurationPlatforms) = preSolution
		Debug|Any CPU = Debug|Any CPU
		Release|Any CPU = Release|Any CPU
	EndGlobalSection
	GlobalSection(ProjectConfigurationPlatforms) = postSolution
		{DB167FC8-BAD4-40B2-B00C-E7ED48768BC5}.Debug|Any CPU.ActiveCfg = Debug|Any CPU
		{DB167FC8-BAD4-40B2-B00C-E7ED48768BC5}.Debug|Any CPU.Build.0 = Debug|Any CPU
		{DB167FC8-BAD4-40B2-B00C-E7ED48768BC5}.Release|Any CPU.ActiveCfg = Release|Any CPU
		{DB167FC8-BAD4-40B2-B00C-E7ED48768BC5}.Release|Any CPU.Build.0 = Release|Any CPU
	EndGlobalSection
	GlobalSection(SolutionProperties) = preSolution
		HideSolutionNode = FALSE
	EndGlobalSection
	GlobalSection(ExtensibilityGlobals) = postSolution
		SolutionGuid = {5B8835F7-906E-46C8-A309-A1281F91BDBE}
	EndGlobalSection
EndGlobal
