
Microsoft Visual Studio Solution File, Format Version 12.00
# Visual Studio Version 17
VisualStudioVersion = 17.10.35122.118
MinimumVisualStudioVersion = 10.0.40219.1
Project("{FAE04EC0-301F-11D3-BF4B-00C04F79EFBC}") = "MessagingWithKafka", "MessagingWithKafka\MessagingWithKafka.csproj", "{50E9C16F-58D2-4B7D-A83C-5DF39FFA42DC}"
EndProject
Global
	GlobalSection(SolutionConfigurationPlatforms) = preSolution
		Debug|Any CPU = Debug|Any CPU
		Release|Any CPU = Release|Any CPU
	EndGlobalSection
	GlobalSection(ProjectConfigurationPlatforms) = postSolution
		{50E9C16F-58D2-4B7D-A83C-5DF39FFA42DC}.Debug|Any CPU.ActiveCfg = Debug|Any CPU
		{50E9C16F-58D2-4B7D-A83C-5DF39FFA42DC}.Debug|Any CPU.Build.0 = Debug|Any CPU
		{50E9C16F-58D2-4B7D-A83C-5DF39FFA42DC}.Release|Any CPU.ActiveCfg = Release|Any CPU
		{50E9C16F-58D2-4B7D-A83C-5DF39FFA42DC}.Release|Any CPU.Build.0 = Release|Any CPU
	EndGlobalSection
	GlobalSection(SolutionProperties) = preSolution
		HideSolutionNode = FALSE
	EndGlobalSection
	GlobalSection(ExtensibilityGlobals) = postSolution
		SolutionGuid = {65C6BD92-514A-4412-9A3C-971BA9435DD6}
	EndGlobalSection
EndGlobal
